
Microsoft Visual Studio Solution File, Format Version 12.00
# Visual Studio Version 17
VisualStudioVersion = 17.5.33530.505
MinimumVisualStudioVersion = 10.0.40219.1
Project("{FAE04EC0-301F-11D3-BF4B-00C04F79EFBC}") = "Queue", "Queue\Queue.csproj", "{3872136F-5B70-4D4C-9212-251472F2CB3C}"
EndProject
Global
	GlobalSection(SolutionConfigurationPlatforms) = preSolution
		Debug|Any CPU = Debug|Any CPU
		Release|Any CPU = Release|Any CPU
	EndGlobalSection
	GlobalSection(ProjectConfigurationPlatforms) = postSolution
		{3872136F-5B70-4D4C-9212-251472F2CB3C}.Debug|Any CPU.ActiveCfg = Debug|Any CPU
		{3872136F-5B70-4D4C-9212-251472F2CB3C}.Debug|Any CPU.Build.0 = Debug|Any CPU
		{3872136F-5B70-4D4C-9212-251472F2CB3C}.Release|Any CPU.ActiveCfg = Release|Any CPU
		{3872136F-5B70-4D4C-9212-251472F2CB3C}.Release|Any CPU.Build.0 = Release|Any CPU
	EndGlobalSection
	GlobalSection(SolutionProperties) = preSolution
		HideSolutionNode = FALSE
	EndGlobalSection
	GlobalSection(ExtensibilityGlobals) = postSolution
		SolutionGuid = {38AE3D73-6C8A-4B9A-811D-5D4F0EB805F0}
	EndGlobalSection
EndGlobal
